// !$*UTF8*$!
{
	archiveVersion = 1;
	classes = {
	};
	objectVersion = 56;
	objects = {

/* Begin PBXBuildFile section */
		2730B05C2C3D21C8006D1FA2 /* WhiteViewController.swift in Sources */ = {isa = PBXBuildFile; fileRef = 2730B05B2C3D21C8006D1FA2 /* WhiteViewController.swift */; };
		2787D3292C3C03F20071CE77 /* AppDelegate.swift in Sources */ = {isa = PBXBuildFile; fileRef = 2787D3282C3C03F20071CE77 /* AppDelegate.swift */; };
		2787D32B2C3C03F20071CE77 /* SceneDelegate.swift in Sources */ = {isa = PBXBuildFile; fileRef = 2787D32A2C3C03F20071CE77 /* SceneDelegate.swift */; };
		2787D32D2C3C03F20071CE77 /* MintViewController.swift in Sources */ = {isa = PBXBuildFile; fileRef = 2787D32C2C3C03F20071CE77 /* MintViewController.swift */; };
		2787D3302C3C03F20071CE77 /* Main.storyboard in Resources */ = {isa = PBXBuildFile; fileRef = 2787D32E2C3C03F20071CE77 /* Main.storyboard */; };
		2787D3322C3C03F30071CE77 /* Assets.xcassets in Resources */ = {isa = PBXBuildFile; fileRef = 2787D3312C3C03F30071CE77 /* Assets.xcassets */; };
		2787D3352C3C03F30071CE77 /* LaunchScreen.storyboard in Resources */ = {isa = PBXBuildFile; fileRef = 2787D3332C3C03F30071CE77 /* LaunchScreen.storyboard */; };
		2787D33D2C3C05DE0071CE77 /* MainTabBarController.swift in Sources */ = {isa = PBXBuildFile; fileRef = 2787D33C2C3C05DE0071CE77 /* MainTabBarController.swift */; };
		2787D33F2C3C06380071CE77 /* RedViewController.swift in Sources */ = {isa = PBXBuildFile; fileRef = 2787D33E2C3C06380071CE77 /* RedViewController.swift */; };
		2787D3412C3C095C0071CE77 /* CyanViewController.swift in Sources */ = {isa = PBXBuildFile; fileRef = 2787D3402C3C095C0071CE77 /* CyanViewController.swift */; };
/* End PBXBuildFile section */

/* Begin PBXFileReference section */
		2730B05B2C3D21C8006D1FA2 /* WhiteViewController.swift */ = {isa = PBXFileReference; lastKnownFileType = sourcecode.swift; path = WhiteViewController.swift; sourceTree = "<group>"; };
		2787D3252C3C03F20071CE77 /* Sakhipov_HomeWork9.app */ = {isa = PBXFileReference; explicitFileType = wrapper.application; includeInIndex = 0; path = Sakhipov_HomeWork9.app; sourceTree = BUILT_PRODUCTS_DIR; };
		2787D3282C3C03F20071CE77 /* AppDelegate.swift */ = {isa = PBXFileReference; lastKnownFileType = sourcecode.swift; path = AppDelegate.swift; sourceTree = "<group>"; };
		2787D32A2C3C03F20071CE77 /* SceneDelegate.swift */ = {isa = PBXFileReference; lastKnownFileType = sourcecode.swift; path = SceneDelegate.swift; sourceTree = "<group>"; };
		2787D32C2C3C03F20071CE77 /* MintViewController.swift */ = {isa = PBXFileReference; lastKnownFileType = sourcecode.swift; path = MintViewController.swift; sourceTree = "<group>"; };
		2787D32F2C3C03F20071CE77 /* Base */ = {isa = PBXFileReference; lastKnownFileType = file.storyboard; name = Base; path = Base.lproj/Main.storyboard; sourceTree = "<group>"; };
		2787D3312C3C03F30071CE77 /* Assets.xcassets */ = {isa = PBXFileReference; lastKnownFileType = folder.assetcatalog; path = Assets.xcassets; sourceTree = "<group>"; };
		2787D3342C3C03F30071CE77 /* Base */ = {isa = PBXFileReference; lastKnownFileType = file.storyboard; name = Base; path = Base.lproj/LaunchScreen.storyboard; sourceTree = "<group>"; };
		2787D3362C3C03F30071CE77 /* Info.plist */ = {isa = PBXFileReference; lastKnownFileType = text.plist.xml; path = Info.plist; sourceTree = "<group>"; };
		2787D33C2C3C05DE0071CE77 /* MainTabBarController.swift */ = {isa = PBXFileReference; lastKnownFileType = sourcecode.swift; path = MainTabBarController.swift; sourceTree = "<group>"; };
		2787D33E2C3C06380071CE77 /* RedViewController.swift */ = {isa = PBXFileReference; lastKnownFileType = sourcecode.swift; path = RedViewController.swift; sourceTree = "<group>"; };
		2787D3402C3C095C0071CE77 /* CyanViewController.swift */ = {isa = PBXFileReference; lastKnownFileType = sourcecode.swift; path = CyanViewController.swift; sourceTree = "<group>"; };
/* End PBXFileReference section */

/* Begin PBXFrameworksBuildPhase section */
		2787D3222C3C03F20071CE77 /* Frameworks */ = {
			isa = PBXFrameworksBuildPhase;
			buildActionMask = 2147483647;
			files = (
			);
			runOnlyForDeploymentPostprocessing = 0;
		};
/* End PBXFrameworksBuildPhase section */

/* Begin PBXGroup section */
		2787D31C2C3C03F20071CE77 = {
			isa = PBXGroup;
			children = (
				2787D3272C3C03F20071CE77 /* Sakhipov_HomeWork9 */,
				2787D3262C3C03F20071CE77 /* Products */,
			);
			sourceTree = "<group>";
		};
		2787D3262C3C03F20071CE77 /* Products */ = {
			isa = PBXGroup;
			children = (
				2787D3252C3C03F20071CE77 /* Sakhipov_HomeWork9.app */,
			);
			name = Products;
			sourceTree = "<group>";
		};
		2787D3272C3C03F20071CE77 /* Sakhipov_HomeWork9 */ = {
			isa = PBXGroup;
			children = (
				2787D3282C3C03F20071CE77 /* AppDelegate.swift */,
				2787D32A2C3C03F20071CE77 /* SceneDelegate.swift */,
				2787D32C2C3C03F20071CE77 /* MintViewController.swift */,
				2787D33E2C3C06380071CE77 /* RedViewController.swift */,
				2787D33C2C3C05DE0071CE77 /* MainTabBarController.swift */,
				2787D3402C3C095C0071CE77 /* CyanViewController.swift */,
				2730B05B2C3D21C8006D1FA2 /* WhiteViewController.swift */,
				2787D32E2C3C03F20071CE77 /* Main.storyboard */,
				2787D3312C3C03F30071CE77 /* Assets.xcassets */,
				2787D3332C3C03F30071CE77 /* LaunchScreen.storyboard */,
				2787D3362C3C03F30071CE77 /* Info.plist */,
			);
			path = Sakhipov_HomeWork9;
			sourceTree = "<group>";
		};
/* End PBXGroup section */

/* Begin PBXNativeTarget section */
		2787D3242C3C03F20071CE77 /* Sakhipov_HomeWork9 */ = {
			isa = PBXNativeTarget;
			buildConfigurationList = 2787D3392C3C03F30071CE77 /* Build configuration list for PBXNativeTarget "Sakhipov_HomeWork9" */;
			buildPhases = (
				2787D3212C3C03F20071CE77 /* Sources */,
				2787D3222C3C03F20071CE77 /* Frameworks */,
				2787D3232C3C03F20071CE77 /* Resources */,
			);
			buildRules = (
			);
			dependencies = (
			);
			name = Sakhipov_HomeWork9;
			productName = Sakhipov_HomeWork9;
			productReference = 2787D3252C3C03F20071CE77 /* Sakhipov_HomeWork9.app */;
			productType = "com.apple.product-type.application";
		};
/* End PBXNativeTarget section */

/* Begin PBXProject section */
		2787D31D2C3C03F20071CE77 /* Project object */ = {
			isa = PBXProject;
			attributes = {
				BuildIndependentTargetsInParallel = 1;
				LastSwiftUpdateCheck = 1500;
				LastUpgradeCheck = 1500;
				TargetAttributes = {
					2787D3242C3C03F20071CE77 = {
						CreatedOnToolsVersion = 15.0.1;
					};
				};
			};
			buildConfigurationList = 2787D3202C3C03F20071CE77 /* Build configuration list for PBXProject "Sakhipov_HomeWork9" */;
			compatibilityVersion = "Xcode 14.0";
			developmentRegion = en;
			hasScannedForEncodings = 0;
			knownRegions = (
				en,
				Base,
			);
			mainGroup = 2787D31C2C3C03F20071CE77;
			productRefGroup = 2787D3262C3C03F20071CE77 /* Products */;
			projectDirPath = "";
			projectRoot = "";
			targets = (
				2787D3242C3C03F20071CE77 /* Sakhipov_HomeWork9 */,
			);
		};
/* End PBXProject section */

/* Begin PBXResourcesBuildPhase section */
		2787D3232C3C03F20071CE77 /* Resources */ = {
			isa = PBXResourcesBuildPhase;
			buildActionMask = 2147483647;
			files = (
				2787D3352C3C03F30071CE77 /* LaunchScreen.storyboard in Resources */,
				2787D3322C3C03F30071CE77 /* Assets.xcassets in Resources */,
				2787D3302C3C03F20071CE77 /* Main.storyboard in Resources */,
			);
			runOnlyForDeploymentPostprocessing = 0;
		};
/* End PBXResourcesBuildPhase section */

/* Begin PBXSourcesBuildPhase section */
		2787D3212C3C03F20071CE77 /* Sources */ = {
			isa = PBXSourcesBuildPhase;
			buildActionMask = 2147483647;
			files = (
				2787D32D2C3C03F20071CE77 /* MintViewController.swift in Sources */,
				2730B05C2C3D21C8006D1FA2 /* WhiteViewController.swift in Sources */,
				2787D3292C3C03F20071CE77 /* AppDelegate.swift in Sources */,
				2787D33D2C3C05DE0071CE77 /* MainTabBarController.swift in Sources */,
				2787D33F2C3C06380071CE77 /* RedViewController.swift in Sources */,
				2787D3412C3C095C0071CE77 /* CyanViewController.swift in Sources */,
				2787D32B2C3C03F20071CE77 /* SceneDelegate.swift in Sources */,
			);
			runOnlyForDeploymentPostprocessing = 0;
		};
/* End PBXSourcesBuildPhase section */

/* Begin PBXVariantGroup section */
		2787D32E2C3C03F20071CE77 /* Main.storyboard */ = {
			isa = PBXVariantGroup;
			children = (
				2787D32F2C3C03F20071CE77 /* Base */,
			);
			name = Main.storyboard;
			sourceTree = "<group>";
		};
		2787D3332C3C03F30071CE77 /* LaunchScreen.storyboard */ = {
			isa = PBXVariantGroup;
			children = (
				2787D3342C3C03F30071CE77 /* Base */,
			);
			name = LaunchScreen.storyboard;
			sourceTree = "<group>";
		};
/* End PBXVariantGroup section */

/* Begin XCBuildConfiguration section */
		2787D3372C3C03F30071CE77 /* Debug */ = {
			isa = XCBuildConfiguration;
			buildSettings = {
				ALWAYS_SEARCH_USER_PATHS = NO;
				ASSETCATALOG_COMPILER_GENERATE_SWIFT_ASSET_SYMBOL_EXTENSIONS = YES;
				CLANG_ANALYZER_NONNULL = YES;
				CLANG_ANALYZER_NUMBER_OBJECT_CONVERSION = YES_AGGRESSIVE;
				CLANG_CXX_LANGUAGE_STANDARD = "gnu++20";
				CLANG_ENABLE_MODULES = YES;
				CLANG_ENABLE_OBJC_ARC = YES;
				CLANG_ENABLE_OBJC_WEAK = YES;
				CLANG_WARN_BLOCK_CAPTURE_AUTORELEASING = YES;
				CLANG_WARN_BOOL_CONVERSION = YES;
				CLANG_WARN_COMMA = YES;
				CLANG_WARN_CONSTANT_CONVERSION = YES;
				CLANG_WARN_DEPRECATED_OBJC_IMPLEMENTATIONS = YES;
				CLANG_WARN_DIRECT_OBJC_ISA_USAGE = YES_ERROR;
				CLANG_WARN_DOCUMENTATION_COMMENTS = YES;
				CLANG_WARN_EMPTY_BODY = YES;
				CLANG_WARN_ENUM_CONVERSION = YES;
				CLANG_WARN_INFINITE_RECURSION = YES;
				CLANG_WARN_INT_CONVERSION = YES;
				CLANG_WARN_NON_LITERAL_NULL_CONVERSION = YES;
				CLANG_WARN_OBJC_IMPLICIT_RETAIN_SELF = YES;
				CLANG_WARN_OBJC_LITERAL_CONVERSION = YES;
				CLANG_WARN_OBJC_ROOT_CLASS = YES_ERROR;
				CLANG_WARN_QUOTED_INCLUDE_IN_FRAMEWORK_HEADER = YES;
				CLANG_WARN_RANGE_LOOP_ANALYSIS = YES;
				CLANG_WARN_STRICT_PROTOTYPES = YES;
				CLANG_WARN_SUSPICIOUS_MOVE = YES;
				CLANG_WARN_UNGUARDED_AVAILABILITY = YES_AGGRESSIVE;
				CLANG_WARN_UNREACHABLE_CODE = YES;
				CLANG_WARN__DUPLICATE_METHOD_MATCH = YES;
				COPY_PHASE_STRIP = NO;
				DEBUG_INFORMATION_FORMAT = dwarf;
				ENABLE_STRICT_OBJC_MSGSEND = YES;
				ENABLE_TESTABILITY = YES;
				ENABLE_USER_SCRIPT_SANDBOXING = YES;
				GCC_C_LANGUAGE_STANDARD = gnu17;
				GCC_DYNAMIC_NO_PIC = NO;
				GCC_NO_COMMON_BLOCKS = YES;
				GCC_OPTIMIZATION_LEVEL = 0;
				GCC_PREPROCESSOR_DEFINITIONS = (
					"DEBUG=1",
					"$(inherited)",
				);
				GCC_WARN_64_TO_32_BIT_CONVERSION = YES;
				GCC_WARN_ABOUT_RETURN_TYPE = YES_ERROR;
				GCC_WARN_UNDECLARED_SELECTOR = YES;
				GCC_WARN_UNINITIALIZED_AUTOS = YES_AGGRESSIVE;
				GCC_WARN_UNUSED_FUNCTION = YES;
				GCC_WARN_UNUSED_VARIABLE = YES;
				IPHONEOS_DEPLOYMENT_TARGET = 17.0;
				LOCALIZATION_PREFERS_STRING_CATALOGS = YES;
				MTL_ENABLE_DEBUG_INFO = INCLUDE_SOURCE;
				MTL_FAST_MATH = YES;
				ONLY_ACTIVE_ARCH = YES;
				SDKROOT = iphoneos;
				SWIFT_ACTIVE_COMPILATION_CONDITIONS = "DEBUG $(inherited)";
				SWIFT_OPTIMIZATION_LEVEL = "-Onone";
			};
			name = Debug;
		};
		2787D3382C3C03F30071CE77 /* Release */ = {
			isa = XCBuildConfiguration;
			buildSettings = {
				ALWAYS_SEARCH_USER_PATHS = NO;
				ASSETCATALOG_COMPILER_GENERATE_SWIFT_ASSET_SYMBOL_EXTENSIONS = YES;
				CLANG_ANALYZER_NONNULL = YES;
				CLANG_ANALYZER_NUMBER_OBJECT_CONVERSION = YES_AGGRESSIVE;
				CLANG_CXX_LANGUAGE_STANDARD = "gnu++20";
				CLANG_ENABLE_MODULES = YES;
				CLANG_ENABLE_OBJC_ARC = YES;
				CLANG_ENABLE_OBJC_WEAK = YES;
				CLANG_WARN_BLOCK_CAPTURE_AUTORELEASING = YES;
				CLANG_WARN_BOOL_CONVERSION = YES;
				CLANG_WARN_COMMA = YES;
				CLANG_WARN_CONSTANT_CONVERSION = YES;
				CLANG_WARN_DEPRECATED_OBJC_IMPLEMENTATIONS = YES;
				CLANG_WARN_DIRECT_OBJC_ISA_USAGE = YES_ERROR;
				CLANG_WARN_DOCUMENTATION_COMMENTS = YES;
				CLANG_WARN_EMPTY_BODY = YES;
				CLANG_WARN_ENUM_CONVERSION = YES;
				CLANG_WARN_INFINITE_RECURSION = YES;
				CLANG_WARN_INT_CONVERSION = YES;
				CLANG_WARN_NON_LITERAL_NULL_CONVERSION = YES;
				CLANG_WARN_OBJC_IMPLICIT_RETAIN_SELF = YES;
				CLANG_WARN_OBJC_LITERAL_CONVERSION = YES;
				CLANG_WARN_OBJC_ROOT_CLASS = YES_ERROR;
				CLANG_WARN_QUOTED_INCLUDE_IN_FRAMEWORK_HEADER = YES;
				CLANG_WARN_RANGE_LOOP_ANALYSIS = YES;
				CLANG_WARN_STRICT_PROTOTYPES = YES;
				CLANG_WARN_SUSPICIOUS_MOVE = YES;
				CLANG_WARN_UNGUARDED_AVAILABILITY = YES_AGGRESSIVE;
				CLANG_WARN_UNREACHABLE_CODE = YES;
				CLANG_WARN__DUPLICATE_METHOD_MATCH = YES;
				COPY_PHASE_STRIP = NO;
				DEBUG_INFORMATION_FORMAT = "dwarf-with-dsym";
				ENABLE_NS_ASSERTIONS = NO;
				ENABLE_STRICT_OBJC_MSGSEND = YES;
				ENABLE_USER_SCRIPT_SANDBOXING = YES;
				GCC_C_LANGUAGE_STANDARD = gnu17;
				GCC_NO_COMMON_BLOCKS = YES;
				GCC_WARN_64_TO_32_BIT_CONVERSION = YES;
				GCC_WARN_ABOUT_RETURN_TYPE = YES_ERROR;
				GCC_WARN_UNDECLARED_SELECTOR = YES;
				GCC_WARN_UNINITIALIZED_AUTOS = YES_AGGRESSIVE;
				GCC_WARN_UNUSED_FUNCTION = YES;
				GCC_WARN_UNUSED_VARIABLE = YES;
				IPHONEOS_DEPLOYMENT_TARGET = 17.0;
				LOCALIZATION_PREFERS_STRING_CATALOGS = YES;
				MTL_ENABLE_DEBUG_INFO = NO;
				MTL_FAST_MATH = YES;
				SDKROOT = iphoneos;
				SWIFT_COMPILATION_MODE = wholemodule;
				VALIDATE_PRODUCT = YES;
			};
			name = Release;
		};
		2787D33A2C3C03F30071CE77 /* Debug */ = {
			isa = XCBuildConfiguration;
			buildSettings = {
				ASSETCATALOG_COMPILER_APPICON_NAME = AppIcon;
				ASSETCATALOG_COMPILER_GLOBAL_ACCENT_COLOR_NAME = AccentColor;
				CODE_SIGN_STYLE = Automatic;
				CURRENT_PROJECT_VERSION = 1;
				GENERATE_INFOPLIST_FILE = YES;
				INFOPLIST_FILE = Sakhipov_HomeWork9/Info.plist;
				INFOPLIST_KEY_UIApplicationSupportsIndirectInputEvents = YES;
				INFOPLIST_KEY_UILaunchStoryboardName = LaunchScreen;
				INFOPLIST_KEY_UIMainStoryboardFile = Main;
				INFOPLIST_KEY_UISupportedInterfaceOrientations_iPad = "UIInterfaceOrientationPortrait UIInterfaceOrientationPortraitUpsideDown UIInterfaceOrientationLandscapeLeft UIInterfaceOrientationLandscapeRight";
				INFOPLIST_KEY_UISupportedInterfaceOrientations_iPhone = "UIInterfaceOrientationPortrait UIInterfaceOrientationLandscapeLeft UIInterfaceOrientationLandscapeRight";
				LD_RUNPATH_SEARCH_PATHS = (
					"$(inherited)",
					"@executable_path/Frameworks",
				);
				MARKETING_VERSION = 1.0;
				PRODUCT_BUNDLE_IDENTIFIER = "HomeApp.Sakhipov-HomeWork9";
				PRODUCT_NAME = "$(TARGET_NAME)";
				SWIFT_EMIT_LOC_STRINGS = YES;
				SWIFT_VERSION = 5.0;
				TARGETED_DEVICE_FAMILY = "1,2";
			};
			name = Debug;
		};
		2787D33B2C3C03F30071CE77 /* Release */ = {
			isa = XCBuildConfiguration;
			buildSettings = {
				ASSETCATALOG_COMPILER_APPICON_NAME = AppIcon;
				ASSETCATALOG_COMPILER_GLOBAL_ACCENT_COLOR_NAME = AccentColor;
				CODE_SIGN_STYLE = Automatic;
				CURRENT_PROJECT_VERSION = 1;
				GENERATE_INFOPLIST_FILE = YES;
				INFOPLIST_FILE = Sakhipov_HomeWork9/Info.plist;
				INFOPLIST_KEY_UIApplicationSupportsIndirectInputEvents = YES;
				INFOPLIST_KEY_UILaunchStoryboardName = LaunchScreen;
				INFOPLIST_KEY_UIMainStoryboardFile = Main;
				INFOPLIST_KEY_UISupportedInterfaceOrientations_iPad = "UIInterfaceOrientationPortrait UIInterfaceOrientationPortraitUpsideDown UIInterfaceOrientationLandscapeLeft UIInterfaceOrientationLandscapeRight";
				INFOPLIST_KEY_UISupportedInterfaceOrientations_iPhone = "UIInterfaceOrientationPortrait UIInterfaceOrientationLandscapeLeft UIInterfaceOrientationLandscapeRight";
				LD_RUNPATH_SEARCH_PATHS = (
					"$(inherited)",
					"@executable_path/Frameworks",
				);
				MARKETING_VERSION = 1.0;
				PRODUCT_BUNDLE_IDENTIFIER = "HomeApp.Sakhipov-HomeWork9";
				PRODUCT_NAME = "$(TARGET_NAME)";
				SWIFT_EMIT_LOC_STRINGS = YES;
				SWIFT_VERSION = 5.0;
				TARGETED_DEVICE_FAMILY = "1,2";
			};
			name = Release;
		};
/* End XCBuildConfiguration section */

/* Begin XCConfigurationList section */
		2787D3202C3C03F20071CE77 /* Build configuration list for PBXProject "Sakhipov_HomeWork9" */ = {
			isa = XCConfigurationList;
			buildConfigurations = (
				2787D3372C3C03F30071CE77 /* Debug */,
				2787D3382C3C03F30071CE77 /* Release */,
			);
			defaultConfigurationIsVisible = 0;
			defaultConfigurationName = Release;
		};
		2787D3392C3C03F30071CE77 /* Build configuration list for PBXNativeTarget "Sakhipov_HomeWork9" */ = {
			isa = XCConfigurationList;
			buildConfigurations = (
				2787D33A2C3C03F30071CE77 /* Debug */,
				2787D33B2C3C03F30071CE77 /* Release */,
			);
			defaultConfigurationIsVisible = 0;
			defaultConfigurationName = Release;
		};
/* End XCConfigurationList section */
	};
	rootObject = 2787D31D2C3C03F20071CE77 /* Project object */;
}
